// !$*UTF8*$!
{
	archiveVersion = 1;
	classes = {
	};
	objectVersion = 50;
	objects = {

/* Begin PBXBuildFile section */
		3E0EAFD526567743009D05B6 /* CoreDataTodoSampleApp.swift in Sources */ = {isa = PBXBuildFile; fileRef = 3E0EAFD426567743009D05B6 /* CoreDataTodoSampleApp.swift */; };
		3E0EAFD726567743009D05B6 /* ContentView.swift in Sources */ = {isa = PBXBuildFile; fileRef = 3E0EAFD626567743009D05B6 /* ContentView.swift */; };
		3E0EAFD926567744009D05B6 /* Assets.xcassets in Resources */ = {isa = PBXBuildFile; fileRef = 3E0EAFD826567744009D05B6 /* Assets.xcassets */; };
		3E0EAFDC26567744009D05B6 /* Preview Assets.xcassets in Resources */ = {isa = PBXBuildFile; fileRef = 3E0EAFDB26567744009D05B6 /* Preview Assets.xcassets */; };
		3E0EAFDE26567744009D05B6 /* Persistence.swift in Sources */ = {isa = PBXBuildFile; fileRef = 3E0EAFDD26567744009D05B6 /* Persistence.swift */; };
		3E0EAFE126567744009D05B6 /* CoreDataTodoSample.xcdatamodeld in Sources */ = {isa = PBXBuildFile; fileRef = 3E0EAFDF26567744009D05B6 /* CoreDataTodoSample.xcdatamodeld */; };
		3E0EAFEC26567744009D05B6 /* CoreDataTodoSampleTests.swift in Sources */ = {isa = PBXBuildFile; fileRef = 3E0EAFEB26567744009D05B6 /* CoreDataTodoSampleTests.swift */; };
		3E0EAFF726567744009D05B6 /* CoreDataTodoSampleUITests.swift in Sources */ = {isa = PBXBuildFile; fileRef = 3E0EAFF626567744009D05B6 /* CoreDataTodoSampleUITests.swift */; };
		3E0EB00A265679A7009D05B6 /* Item+CoreDataClass.swift in Sources */ = {isa = PBXBuildFile; fileRef = 3E0EB008265679A7009D05B6 /* Item+CoreDataClass.swift */; };
		3E0EB00B265679A7009D05B6 /* Item+CoreDataProperties.swift in Sources */ = {isa = PBXBuildFile; fileRef = 3E0EB009265679A7009D05B6 /* Item+CoreDataProperties.swift */; };
/* End PBXBuildFile section */

/* Begin PBXContainerItemProxy section */
		3E0EAFE826567744009D05B6 /* PBXContainerItemProxy */ = {
			isa = PBXContainerItemProxy;
			containerPortal = 3E0EAFC926567743009D05B6 /* Project object */;
			proxyType = 1;
			remoteGlobalIDString = 3E0EAFD026567743009D05B6;
			remoteInfo = CoreDataTodoSample;
		};
		3E0EAFF326567744009D05B6 /* PBXContainerItemProxy */ = {
			isa = PBXContainerItemProxy;
			containerPortal = 3E0EAFC926567743009D05B6 /* Project object */;
			proxyType = 1;
			remoteGlobalIDString = 3E0EAFD026567743009D05B6;
			remoteInfo = CoreDataTodoSample;
		};
/* End PBXContainerItemProxy section */

/* Begin PBXFileReference section */
		3E0EAFD126567743009D05B6 /* CoreDataTodoSample.app */ = {isa = PBXFileReference; explicitFileType = wrapper.application; includeInIndex = 0; path = CoreDataTodoSample.app; sourceTree = BUILT_PRODUCTS_DIR; };
		3E0EAFD426567743009D05B6 /* CoreDataTodoSampleApp.swift */ = {isa = PBXFileReference; lastKnownFileType = sourcecode.swift; path = CoreDataTodoSampleApp.swift; sourceTree = "<group>"; };
		3E0EAFD626567743009D05B6 /* ContentView.swift */ = {isa = PBXFileReference; lastKnownFileType = sourcecode.swift; path = ContentView.swift; sourceTree = "<group>"; };
		3E0EAFD826567744009D05B6 /* Assets.xcassets */ = {isa = PBXFileReference; lastKnownFileType = folder.assetcatalog; path = Assets.xcassets; sourceTree = "<group>"; };
		3E0EAFDB26567744009D05B6 /* Preview Assets.xcassets */ = {isa = PBXFileReference; lastKnownFileType = folder.assetcatalog; path = "Preview Assets.xcassets"; sourceTree = "<group>"; };
		3E0EAFDD26567744009D05B6 /* Persistence.swift */ = {isa = PBXFileReference; lastKnownFileType = sourcecode.swift; path = Persistence.swift; sourceTree = "<group>"; };
		3E0EAFE026567744009D05B6 /* CoreDataTodoSample.xcdatamodel */ = {isa = PBXFileReference; lastKnownFileType = wrapper.xcdatamodel; path = CoreDataTodoSample.xcdatamodel; sourceTree = "<group>"; };
		3E0EAFE226567744009D05B6 /* Info.plist */ = {isa = PBXFileReference; lastKnownFileType = text.plist.xml; path = Info.plist; sourceTree = "<group>"; };
		3E0EAFE726567744009D05B6 /* CoreDataTodoSampleTests.xctest */ = {isa = PBXFileReference; explicitFileType = wrapper.cfbundle; includeInIndex = 0; path = CoreDataTodoSampleTests.xctest; sourceTree = BUILT_PRODUCTS_DIR; };
		3E0EAFEB26567744009D05B6 /* CoreDataTodoSampleTests.swift */ = {isa = PBXFileReference; lastKnownFileType = sourcecode.swift; path = CoreDataTodoSampleTests.swift; sourceTree = "<group>"; };
		3E0EAFED26567744009D05B6 /* Info.plist */ = {isa = PBXFileReference; lastKnownFileType = text.plist.xml; path = Info.plist; sourceTree = "<group>"; };
		3E0EAFF226567744009D05B6 /* CoreDataTodoSampleUITests.xctest */ = {isa = PBXFileReference; explicitFileType = wrapper.cfbundle; includeInIndex = 0; path = CoreDataTodoSampleUITests.xctest; sourceTree = BUILT_PRODUCTS_DIR; };
		3E0EAFF626567744009D05B6 /* CoreDataTodoSampleUITests.swift */ = {isa = PBXFileReference; lastKnownFileType = sourcecode.swift; path = CoreDataTodoSampleUITests.swift; sourceTree = "<group>"; };
		3E0EAFF826567744009D05B6 /* Info.plist */ = {isa = PBXFileReference; lastKnownFileType = text.plist.xml; path = Info.plist; sourceTree = "<group>"; };
		3E0EB008265679A7009D05B6 /* Item+CoreDataClass.swift */ = {isa = PBXFileReference; lastKnownFileType = sourcecode.swift; path = "Item+CoreDataClass.swift"; sourceTree = "<group>"; };
		3E0EB009265679A7009D05B6 /* Item+CoreDataProperties.swift */ = {isa = PBXFileReference; lastKnownFileType = sourcecode.swift; path = "Item+CoreDataProperties.swift"; sourceTree = "<group>"; };
/* End PBXFileReference section */

/* Begin PBXFrameworksBuildPhase section */
		3E0EAFCE26567743009D05B6 /* Frameworks */ = {
			isa = PBXFrameworksBuildPhase;
			buildActionMask = 2147483647;
			files = (
			);
			runOnlyForDeploymentPostprocessing = 0;
		};
		3E0EAFE426567744009D05B6 /* Frameworks */ = {
			isa = PBXFrameworksBuildPhase;
			buildActionMask = 2147483647;
			files = (
			);
			runOnlyForDeploymentPostprocessing = 0;
		};
		3E0EAFEF26567744009D05B6 /* Frameworks */ = {
			isa = PBXFrameworksBuildPhase;
			buildActionMask = 2147483647;
			files = (
			);
			runOnlyForDeploymentPostprocessing = 0;
		};
/* End PBXFrameworksBuildPhase section */

/* Begin PBXGroup section */
		3E0EAFC826567743009D05B6 = {
			isa = PBXGroup;
			children = (
				3E0EAFD326567743009D05B6 /* CoreDataTodoSample */,
				3E0EAFEA26567744009D05B6 /* CoreDataTodoSampleTests */,
				3E0EAFF526567744009D05B6 /* CoreDataTodoSampleUITests */,
				3E0EAFD226567743009D05B6 /* Products */,
			);
			sourceTree = "<group>";
		};
		3E0EAFD226567743009D05B6 /* Products */ = {
			isa = PBXGroup;
			children = (
				3E0EAFD126567743009D05B6 /* CoreDataTodoSample.app */,
				3E0EAFE726567744009D05B6 /* CoreDataTodoSampleTests.xctest */,
				3E0EAFF226567744009D05B6 /* CoreDataTodoSampleUITests.xctest */,
			);
			name = Products;
			sourceTree = "<group>";
		};
		3E0EAFD326567743009D05B6 /* CoreDataTodoSample */ = {
			isa = PBXGroup;
			children = (
				3E0EB008265679A7009D05B6 /* Item+CoreDataClass.swift */,
				3E0EB009265679A7009D05B6 /* Item+CoreDataProperties.swift */,
				3E0EAFD426567743009D05B6 /* CoreDataTodoSampleApp.swift */,
				3E0EAFD626567743009D05B6 /* ContentView.swift */,
				3E0EAFD826567744009D05B6 /* Assets.xcassets */,
				3E0EAFDD26567744009D05B6 /* Persistence.swift */,
				3E0EAFE226567744009D05B6 /* Info.plist */,
				3E0EAFDF26567744009D05B6 /* CoreDataTodoSample.xcdatamodeld */,
				3E0EAFDA26567744009D05B6 /* Preview Content */,
			);
			path = CoreDataTodoSample;
			sourceTree = "<group>";
		};
		3E0EAFDA26567744009D05B6 /* Preview Content */ = {
			isa = PBXGroup;
			children = (
				3E0EAFDB26567744009D05B6 /* Preview Assets.xcassets */,
			);
			path = "Preview Content";
			sourceTree = "<group>";
		};
		3E0EAFEA26567744009D05B6 /* CoreDataTodoSampleTests */ = {
			isa = PBXGroup;
			children = (
				3E0EAFEB26567744009D05B6 /* CoreDataTodoSampleTests.swift */,
				3E0EAFED26567744009D05B6 /* Info.plist */,
			);
			path = CoreDataTodoSampleTests;
			sourceTree = "<group>";
		};
		3E0EAFF526567744009D05B6 /* CoreDataTodoSampleUITests */ = {
			isa = PBXGroup;
			children = (
				3E0EAFF626567744009D05B6 /* CoreDataTodoSampleUITests.swift */,
				3E0EAFF826567744009D05B6 /* Info.plist */,
			);
			path = CoreDataTodoSampleUITests;
			sourceTree = "<group>";
		};
/* End PBXGroup section */

/* Begin PBXNativeTarget section */
		3E0EAFD026567743009D05B6 /* CoreDataTodoSample */ = {
			isa = PBXNativeTarget;
			buildConfigurationList = 3E0EAFFB26567744009D05B6 /* Build configuration list for PBXNativeTarget "CoreDataTodoSample" */;
			buildPhases = (
				3E0EAFCD26567743009D05B6 /* Sources */,
				3E0EAFCE26567743009D05B6 /* Frameworks */,
				3E0EAFCF26567743009D05B6 /* Resources */,
			);
			buildRules = (
			);
			dependencies = (
			);
			name = CoreDataTodoSample;
			productName = CoreDataTodoSample;
			productReference = 3E0EAFD126567743009D05B6 /* CoreDataTodoSample.app */;
			productType = "com.apple.product-type.application";
		};
		3E0EAFE626567744009D05B6 /* CoreDataTodoSampleTests */ = {
			isa = PBXNativeTarget;
			buildConfigurationList = 3E0EAFFE26567744009D05B6 /* Build configuration list for PBXNativeTarget "CoreDataTodoSampleTests" */;
			buildPhases = (
				3E0EAFE326567744009D05B6 /* Sources */,
				3E0EAFE426567744009D05B6 /* Frameworks */,
				3E0EAFE526567744009D05B6 /* Resources */,
			);
			buildRules = (
			);
			dependencies = (
				3E0EAFE926567744009D05B6 /* PBXTargetDependency */,
			);
			name = CoreDataTodoSampleTests;
			productName = CoreDataTodoSampleTests;
			productReference = 3E0EAFE726567744009D05B6 /* CoreDataTodoSampleTests.xctest */;
			productType = "com.apple.product-type.bundle.unit-test";
		};
		3E0EAFF126567744009D05B6 /* CoreDataTodoSampleUITests */ = {
			isa = PBXNativeTarget;
			buildConfigurationList = 3E0EB00126567744009D05B6 /* Build configuration list for PBXNativeTarget "CoreDataTodoSampleUITests" */;
			buildPhases = (
				3E0EAFEE26567744009D05B6 /* Sources */,
				3E0EAFEF26567744009D05B6 /* Frameworks */,
				3E0EAFF026567744009D05B6 /* Resources */,
			);
			buildRules = (
			);
			dependencies = (
				3E0EAFF426567744009D05B6 /* PBXTargetDependency */,
			);
			name = CoreDataTodoSampleUITests;
			productName = CoreDataTodoSampleUITests;
			productReference = 3E0EAFF226567744009D05B6 /* CoreDataTodoSampleUITests.xctest */;
			productType = "com.apple.product-type.bundle.ui-testing";
		};
/* End PBXNativeTarget section */

/* Begin PBXProject section */
		3E0EAFC926567743009D05B6 /* Project object */ = {
			isa = PBXProject;
			attributes = {
				LastSwiftUpdateCheck = 1250;
				LastUpgradeCheck = 1250;
				TargetAttributes = {
					3E0EAFD026567743009D05B6 = {
						CreatedOnToolsVersion = 12.5;
					};
					3E0EAFE626567744009D05B6 = {
						CreatedOnToolsVersion = 12.5;
						TestTargetID = 3E0EAFD026567743009D05B6;
					};
					3E0EAFF126567744009D05B6 = {
						CreatedOnToolsVersion = 12.5;
						TestTargetID = 3E0EAFD026567743009D05B6;
					};
				};
			};
			buildConfigurationList = 3E0EAFCC26567743009D05B6 /* Build configuration list for PBXProject "CoreDataTodoSample" */;
			compatibilityVersion = "Xcode 9.3";
			developmentRegion = en;
			hasScannedForEncodings = 0;
			knownRegions = (
				en,
				Base,
			);
			mainGroup = 3E0EAFC826567743009D05B6;
			productRefGroup = 3E0EAFD226567743009D05B6 /* Products */;
			projectDirPath = "";
			projectRoot = "";
			targets = (
				3E0EAFD026567743009D05B6 /* CoreDataTodoSample */,
				3E0EAFE626567744009D05B6 /* CoreDataTodoSampleTests */,
				3E0EAFF126567744009D05B6 /* CoreDataTodoSampleUITests */,
			);
		};
/* End PBXProject section */

/* Begin PBXResourcesBuildPhase section */
		3E0EAFCF26567743009D05B6 /* Resources */ = {
			isa = PBXResourcesBuildPhase;
			buildActionMask = 2147483647;
			files = (
				3E0EAFDC26567744009D05B6 /* Preview Assets.xcassets in Resources */,
				3E0EAFD926567744009D05B6 /* Assets.xcassets in Resources */,
			);
			runOnlyForDeploymentPostprocessing = 0;
		};
		3E0EAFE526567744009D05B6 /* Resources */ = {
			isa = PBXResourcesBuildPhase;
			buildActionMask = 2147483647;
			files = (
			);
			runOnlyForDeploymentPostprocessing = 0;
		};
		3E0EAFF026567744009D05B6 /* Resources */ = {
			isa = PBXResourcesBuildPhase;
			buildActionMask = 2147483647;
			files = (
			);
			runOnlyForDeploymentPostprocessing = 0;
		};
/* End PBXResourcesBuildPhase section */

/* Begin PBXSourcesBuildPhase section */
		3E0EAFCD26567743009D05B6 /* Sources */ = {
			isa = PBXSourcesBuildPhase;
			buildActionMask = 2147483647;
			files = (
				3E0EB00B265679A7009D05B6 /* Item+CoreDataProperties.swift in Sources */,
				3E0EB00A265679A7009D05B6 /* Item+CoreDataClass.swift in Sources */,
				3E0EAFDE26567744009D05B6 /* Persistence.swift in Sources */,
				3E0EAFD726567743009D05B6 /* ContentView.swift in Sources */,
				3E0EAFE126567744009D05B6 /* CoreDataTodoSample.xcdatamodeld in Sources */,
				3E0EAFD526567743009D05B6 /* CoreDataTodoSampleApp.swift in Sources */,
			);
			runOnlyForDeploymentPostprocessing = 0;
		};
		3E0EAFE326567744009D05B6 /* Sources */ = {
			isa = PBXSourcesBuildPhase;
			buildActionMask = 2147483647;
			files = (
				3E0EAFEC26567744009D05B6 /* CoreDataTodoSampleTests.swift in Sources */,
			);
			runOnlyForDeploymentPostprocessing = 0;
		};
		3E0EAFEE26567744009D05B6 /* Sources */ = {
			isa = PBXSourcesBuildPhase;
			buildActionMask = 2147483647;
			files = (
				3E0EAFF726567744009D05B6 /* CoreDataTodoSampleUITests.swift in Sources */,
			);
			runOnlyForDeploymentPostprocessing = 0;
		};
/* End PBXSourcesBuildPhase section */

/* Begin PBXTargetDependency section */
		3E0EAFE926567744009D05B6 /* PBXTargetDependency */ = {
			isa = PBXTargetDependency;
			target = 3E0EAFD026567743009D05B6 /* CoreDataTodoSample */;
			targetProxy = 3E0EAFE826567744009D05B6 /* PBXContainerItemProxy */;
		};
		3E0EAFF426567744009D05B6 /* PBXTargetDependency */ = {
			isa = PBXTargetDependency;
			target = 3E0EAFD026567743009D05B6 /* CoreDataTodoSample */;
			targetProxy = 3E0EAFF326567744009D05B6 /* PBXContainerItemProxy */;
		};
/* End PBXTargetDependency section */

/* Begin XCBuildConfiguration section */
		3E0EAFF926567744009D05B6 /* Debug */ = {
			isa = XCBuildConfiguration;
			buildSettings = {
				ALWAYS_SEARCH_USER_PATHS = NO;
				CLANG_ANALYZER_NONNULL = YES;
				CLANG_ANALYZER_NUMBER_OBJECT_CONVERSION = YES_AGGRESSIVE;
				CLANG_CXX_LANGUAGE_STANDARD = "gnu++14";
				CLANG_CXX_LIBRARY = "libc++";
				CLANG_ENABLE_MODULES = YES;
				CLANG_ENABLE_OBJC_ARC = YES;
				CLANG_ENABLE_OBJC_WEAK = YES;
				CLANG_WARN_BLOCK_CAPTURE_AUTORELEASING = YES;
				CLANG_WARN_BOOL_CONVERSION = YES;
				CLANG_WARN_COMMA = YES;
				CLANG_WARN_CONSTANT_CONVERSION = YES;
				CLANG_WARN_DEPRECATED_OBJC_IMPLEMENTATIONS = YES;
				CLANG_WARN_DIRECT_OBJC_ISA_USAGE = YES_ERROR;
				CLANG_WARN_DOCUMENTATION_COMMENTS = YES;
				CLANG_WARN_EMPTY_BODY = YES;
				CLANG_WARN_ENUM_CONVERSION = YES;
				CLANG_WARN_INFINITE_RECURSION = YES;
				CLANG_WARN_INT_CONVERSION = YES;
				CLANG_WARN_NON_LITERAL_NULL_CONVERSION = YES;
				CLANG_WARN_OBJC_IMPLICIT_RETAIN_SELF = YES;
				CLANG_WARN_OBJC_LITERAL_CONVERSION = YES;
				CLANG_WARN_OBJC_ROOT_CLASS = YES_ERROR;
				CLANG_WARN_QUOTED_INCLUDE_IN_FRAMEWORK_HEADER = YES;
				CLANG_WARN_RANGE_LOOP_ANALYSIS = YES;
				CLANG_WARN_STRICT_PROTOTYPES = YES;
				CLANG_WARN_SUSPICIOUS_MOVE = YES;
				CLANG_WARN_UNGUARDED_AVAILABILITY = YES_AGGRESSIVE;
				CLANG_WARN_UNREACHABLE_CODE = YES;
				CLANG_WARN__DUPLICATE_METHOD_MATCH = YES;
				COPY_PHASE_STRIP = NO;
				DEBUG_INFORMATION_FORMAT = dwarf;
				ENABLE_STRICT_OBJC_MSGSEND = YES;
				ENABLE_TESTABILITY = YES;
				GCC_C_LANGUAGE_STANDARD = gnu11;
				GCC_DYNAMIC_NO_PIC = NO;
				GCC_NO_COMMON_BLOCKS = YES;
				GCC_OPTIMIZATION_LEVEL = 0;
				GCC_PREPROCESSOR_DEFINITIONS = (
					"DEBUG=1",
					"$(inherited)",
				);
				GCC_WARN_64_TO_32_BIT_CONVERSION = YES;
				GCC_WARN_ABOUT_RETURN_TYPE = YES_ERROR;
				GCC_WARN_UNDECLARED_SELECTOR = YES;
				GCC_WARN_UNINITIALIZED_AUTOS = YES_AGGRESSIVE;
				GCC_WARN_UNUSED_FUNCTION = YES;
				GCC_WARN_UNUSED_VARIABLE = YES;
				IPHONEOS_DEPLOYMENT_TARGET = 14.5;
				MTL_ENABLE_DEBUG_INFO = INCLUDE_SOURCE;
				MTL_FAST_MATH = YES;
				ONLY_ACTIVE_ARCH = YES;
				SDKROOT = iphoneos;
				SWIFT_ACTIVE_COMPILATION_CONDITIONS = DEBUG;
				SWIFT_OPTIMIZATION_LEVEL = "-Onone";
			};
			name = Debug;
		};
		3E0EAFFA26567744009D05B6 /* Release */ = {
			isa = XCBuildConfiguration;
			buildSettings = {
				ALWAYS_SEARCH_USER_PATHS = NO;
				CLANG_ANALYZER_NONNULL = YES;
				CLANG_ANALYZER_NUMBER_OBJECT_CONVERSION = YES_AGGRESSIVE;
				CLANG_CXX_LANGUAGE_STANDARD = "gnu++14";
				CLANG_CXX_LIBRARY = "libc++";
				CLANG_ENABLE_MODULES = YES;
				CLANG_ENABLE_OBJC_ARC = YES;
				CLANG_ENABLE_OBJC_WEAK = YES;
				CLANG_WARN_BLOCK_CAPTURE_AUTORELEASING = YES;
				CLANG_WARN_BOOL_CONVERSION = YES;
				CLANG_WARN_COMMA = YES;
				CLANG_WARN_CONSTANT_CONVERSION = YES;
				CLANG_WARN_DEPRECATED_OBJC_IMPLEMENTATIONS = YES;
				CLANG_WARN_DIRECT_OBJC_ISA_USAGE = YES_ERROR;
				CLANG_WARN_DOCUMENTATION_COMMENTS = YES;
				CLANG_WARN_EMPTY_BODY = YES;
				CLANG_WARN_ENUM_CONVERSION = YES;
				CLANG_WARN_INFINITE_RECURSION = YES;
				CLANG_WARN_INT_CONVERSION = YES;
				CLANG_WARN_NON_LITERAL_NULL_CONVERSION = YES;
				CLANG_WARN_OBJC_IMPLICIT_RETAIN_SELF = YES;
				CLANG_WARN_OBJC_LITERAL_CONVERSION = YES;
				CLANG_WARN_OBJC_ROOT_CLASS = YES_ERROR;
				CLANG_WARN_QUOTED_INCLUDE_IN_FRAMEWORK_HEADER = YES;
				CLANG_WARN_RANGE_LOOP_ANALYSIS = YES;
				CLANG_WARN_STRICT_PROTOTYPES = YES;
				CLANG_WARN_SUSPICIOUS_MOVE = YES;
				CLANG_WARN_UNGUARDED_AVAILABILITY = YES_AGGRESSIVE;
				CLANG_WARN_UNREACHABLE_CODE = YES;
				CLANG_WARN__DUPLICATE_METHOD_MATCH = YES;
				COPY_PHASE_STRIP = NO;
				DEBUG_INFORMATION_FORMAT = "dwarf-with-dsym";
				ENABLE_NS_ASSERTIONS = NO;
				ENABLE_STRICT_OBJC_MSGSEND = YES;
				GCC_C_LANGUAGE_STANDARD = gnu11;
				GCC_NO_COMMON_BLOCKS = YES;
				GCC_WARN_64_TO_32_BIT_CONVERSION = YES;
				GCC_WARN_ABOUT_RETURN_TYPE = YES_ERROR;
				GCC_WARN_UNDECLARED_SELECTOR = YES;
				GCC_WARN_UNINITIALIZED_AUTOS = YES_AGGRESSIVE;
				GCC_WARN_UNUSED_FUNCTION = YES;
				GCC_WARN_UNUSED_VARIABLE = YES;
				IPHONEOS_DEPLOYMENT_TARGET = 14.5;
				MTL_ENABLE_DEBUG_INFO = NO;
				MTL_FAST_MATH = YES;
				SDKROOT = iphoneos;
				SWIFT_COMPILATION_MODE = wholemodule;
				SWIFT_OPTIMIZATION_LEVEL = "-O";
				VALIDATE_PRODUCT = YES;
			};
			name = Release;
		};
		3E0EAFFC26567744009D05B6 /* Debug */ = {
			isa = XCBuildConfiguration;
			buildSettings = {
				ASSETCATALOG_COMPILER_APPICON_NAME = AppIcon;
				ASSETCATALOG_COMPILER_GLOBAL_ACCENT_COLOR_NAME = AccentColor;
				CODE_SIGN_STYLE = Automatic;
				DEVELOPMENT_ASSET_PATHS = "\"CoreDataTodoSample/Preview Content\"";
				DEVELOPMENT_TEAM = HA77WACHP6;
				ENABLE_PREVIEWS = YES;
				INFOPLIST_FILE = CoreDataTodoSample/Info.plist;
				IPHONEOS_DEPLOYMENT_TARGET = 14.0;
				LD_RUNPATH_SEARCH_PATHS = (
					"$(inherited)",
					"@executable_path/Frameworks",
				);
				PRODUCT_BUNDLE_IDENTIFIER = com.niushop.CoreDataTodoSample;
				PRODUCT_NAME = "$(TARGET_NAME)";
				SWIFT_VERSION = 5.0;
				TARGETED_DEVICE_FAMILY = "1,2";
			};
			name = Debug;
		};
		3E0EAFFD26567744009D05B6 /* Release */ = {
			isa = XCBuildConfiguration;
			buildSettings = {
				ASSETCATALOG_COMPILER_APPICON_NAME = AppIcon;
				ASSETCATALOG_COMPILER_GLOBAL_ACCENT_COLOR_NAME = AccentColor;
				CODE_SIGN_STYLE = Automatic;
				DEVELOPMENT_ASSET_PATHS = "\"CoreDataTodoSample/Preview Content\"";
				DEVELOPMENT_TEAM = HA77WACHP6;
				ENABLE_PREVIEWS = YES;
				INFOPLIST_FILE = CoreDataTodoSample/Info.plist;
				IPHONEOS_DEPLOYMENT_TARGET = 14.0;
				LD_RUNPATH_SEARCH_PATHS = (
					"$(inherited)",
					"@executable_path/Frameworks",
				);
				PRODUCT_BUNDLE_IDENTIFIER = com.niushop.CoreDataTodoSample;
				PRODUCT_NAME = "$(TARGET_NAME)";
				SWIFT_VERSION = 5.0;
				TARGETED_DEVICE_FAMILY = "1,2";
			};
			name = Release;
		};
		3E0EAFFF26567744009D05B6 /* Debug */ = {
			isa = XCBuildConfiguration;
			buildSettings = {
				ALWAYS_EMBED_SWIFT_STANDARD_LIBRARIES = YES;
				BUNDLE_LOADER = "$(TEST_HOST)";
				CODE_SIGN_STYLE = Automatic;
				DEVELOPMENT_TEAM = HA77WACHP6;
				INFOPLIST_FILE = CoreDataTodoSampleTests/Info.plist;
				IPHONEOS_DEPLOYMENT_TARGET = 14.0;
				LD_RUNPATH_SEARCH_PATHS = (
					"$(inherited)",
					"@executable_path/Frameworks",
					"@loader_path/Frameworks",
				);
				PRODUCT_BUNDLE_IDENTIFIER = com.niushop.CoreDataTodoSampleTests;
				PRODUCT_NAME = "$(TARGET_NAME)";
				SWIFT_VERSION = 5.0;
				TARGETED_DEVICE_FAMILY = "1,2";
				TEST_HOST = "$(BUILT_PRODUCTS_DIR)/CoreDataTodoSample.app/CoreDataTodoSample";
			};
			name = Debug;
		};
		3E0EB00026567744009D05B6 /* Release */ = {
			isa = XCBuildConfiguration;
			buildSettings = {
				ALWAYS_EMBED_SWIFT_STANDARD_LIBRARIES = YES;
				BUNDLE_LOADER = "$(TEST_HOST)";
				CODE_SIGN_STYLE = Automatic;
				DEVELOPMENT_TEAM = HA77WACHP6;
				INFOPLIST_FILE = CoreDataTodoSampleTests/Info.plist;
				IPHONEOS_DEPLOYMENT_TARGET = 14.0;
				LD_RUNPATH_SEARCH_PATHS = (
					"$(inherited)",
					"@executable_path/Frameworks",
					"@loader_path/Frameworks",
				);
				PRODUCT_BUNDLE_IDENTIFIER = com.niushop.CoreDataTodoSampleTests;
				PRODUCT_NAME = "$(TARGET_NAME)";
				SWIFT_VERSION = 5.0;
				TARGETED_DEVICE_FAMILY = "1,2";
				TEST_HOST = "$(BUILT_PRODUCTS_DIR)/CoreDataTodoSample.app/CoreDataTodoSample";
			};
			name = Release;
		};
		3E0EB00226567744009D05B6 /* Debug */ = {
			isa = XCBuildConfiguration;
			buildSettings = {
				ALWAYS_EMBED_SWIFT_STANDARD_LIBRARIES = YES;
				CODE_SIGN_STYLE = Automatic;
				DEVELOPMENT_TEAM = HA77WACHP6;
				INFOPLIST_FILE = CoreDataTodoSampleUITests/Info.plist;
				LD_RUNPATH_SEARCH_PATHS = (
					"$(inherited)",
					"@executable_path/Frameworks",
					"@loader_path/Frameworks",
				);
				PRODUCT_BUNDLE_IDENTIFIER = com.niushop.CoreDataTodoSampleUITests;
				PRODUCT_NAME = "$(TARGET_NAME)";
				SWIFT_VERSION = 5.0;
				TARGETED_DEVICE_FAMILY = "1,2";
				TEST_TARGET_NAME = CoreDataTodoSample;
			};
			name = Debug;
		};
		3E0EB00326567744009D05B6 /* Release */ = {
			isa = XCBuildConfiguration;
			buildSettings = {
				ALWAYS_EMBED_SWIFT_STANDARD_LIBRARIES = YES;
				CODE_SIGN_STYLE = Automatic;
				DEVELOPMENT_TEAM = HA77WACHP6;
				INFOPLIST_FILE = CoreDataTodoSampleUITests/Info.plist;
				LD_RUNPATH_SEARCH_PATHS = (
					"$(inherited)",
					"@executable_path/Frameworks",
					"@loader_path/Frameworks",
				);
				PRODUCT_BUNDLE_IDENTIFIER = com.niushop.CoreDataTodoSampleUITests;
				PRODUCT_NAME = "$(TARGET_NAME)";
				SWIFT_VERSION = 5.0;
				TARGETED_DEVICE_FAMILY = "1,2";
				TEST_TARGET_NAME = CoreDataTodoSample;
			};
			name = Release;
		};
/* End XCBuildConfiguration section */

/* Begin XCConfigurationList section */
		3E0EAFCC26567743009D05B6 /* Build configuration list for PBXProject "CoreDataTodoSample" */ = {
			isa = XCConfigurationList;
			buildConfigurations = (
				3E0EAFF926567744009D05B6 /* Debug */,
				3E0EAFFA26567744009D05B6 /* Release */,
			);
			defaultConfigurationIsVisible = 0;
			defaultConfigurationName = Release;
		};
		3E0EAFFB26567744009D05B6 /* Build configuration list for PBXNativeTarget "CoreDataTodoSample" */ = {
			isa = XCConfigurationList;
			buildConfigurations = (
				3E0EAFFC26567744009D05B6 /* Debug */,
				3E0EAFFD26567744009D05B6 /* Release */,
			);
			defaultConfigurationIsVisible = 0;
			defaultConfigurationName = Release;
		};
		3E0EAFFE26567744009D05B6 /* Build configuration list for PBXNativeTarget "CoreDataTodoSampleTests" */ = {
			isa = XCConfigurationList;
			buildConfigurations = (
				3E0EAFFF26567744009D05B6 /* Debug */,
				3E0EB00026567744009D05B6 /* Release */,
			);
			defaultConfigurationIsVisible = 0;
			defaultConfigurationName = Release;
		};
		3E0EB00126567744009D05B6 /* Build configuration list for PBXNativeTarget "CoreDataTodoSampleUITests" */ = {
			isa = XCConfigurationList;
			buildConfigurations = (
				3E0EB00226567744009D05B6 /* Debug */,
				3E0EB00326567744009D05B6 /* Release */,
			);
			defaultConfigurationIsVisible = 0;
			defaultConfigurationName = Release;
		};
/* End XCConfigurationList section */

/* Begin XCVersionGroup section */
		3E0EAFDF26567744009D05B6 /* CoreDataTodoSample.xcdatamodeld */ = {
			isa = XCVersionGroup;
			children = (
				3E0EAFE026567744009D05B6 /* CoreDataTodoSample.xcdatamodel */,
			);
			currentVersion = 3E0EAFE026567744009D05B6 /* CoreDataTodoSample.xcdatamodel */;
			path = CoreDataTodoSample.xcdatamodeld;
			sourceTree = "<group>";
			versionGroupType = wrapper.xcdatamodel;
		};
/* End XCVersionGroup section */
	};
	rootObject = 3E0EAFC926567743009D05B6 /* Project object */;
}
